{
  "name": "component-library-react",
  "version": "0.0.1",
  "lockfileVersion": 1,
  "requires": true,
  "dependencies": {
    "@ionic-enterprise/react-component-lib": {
      "version": "0.0.1",
      "resolved": "https://registry.npmjs.org/@ionic-enterprise/react-component-lib/-/react-component-lib-0.0.1.tgz",
      "integrity": "sha512-e7Kjr9MM+dV1iqw2nN+JMwcZuzlWwfNj01gsG0D0ZBrnwaahQ2ElbepcAQCI92xg2bfnvYo/FFYOeG89FCD4nA==",
      "dev": true
    }
  }
}
